<?xml version="1.0" encoding="utf-8"?>
<Project ToolsVersion="4.0" xmlns="http://schemas.microsoft.com/developer/msbuild/2003">
  <ItemGroup>
    <Filter Include="Source Files">
      <UniqueIdentifier>{4FC737F1-C7A5-4376-A066-2A32D752A2FF}</UniqueIdentifier>
      <Extensions>cpp;c;cc;cxx;def;odl;idl;hpj;bat;asm;asmx</Extensions>
    </Filter>
    <Filter Include="Header Files">
      <UniqueIdentifier>{93995380-89BD-4b04-88EB-625FBE52EBFB}</UniqueIdentifier>
      <Extensions>h;hpp;hxx;hm;inl;inc;xsd</Extensions>
    </Filter>
    <Filter Include="XML">
      <UniqueIdentifier>{4b3096e6-bf57-4d7b-92e7-193b831a0e69}</UniqueIdentifier>
    </Filter>
    <Filter Include="Source Files\Blueprints">
      <UniqueIdentifier>{b46aff60-d0ba-4ab1-be7b-a2762344f347}</UniqueIdentifier>
    </Filter>
    <Filter Include="Header Files\Blueprints">
      <UniqueIdentifier>{26b601cb-3da4-4879-bb60-f4d6778fdeb5}</UniqueIdentifier>
    </Filter>
    <Filter Include="Source Files\RTS Objects">
      <UniqueIdentifier>{03e30c8f-0c82-43da-9713-4f9bd2fdf865}</UniqueIdentifier>
    </Filter>
    <Filter Include="Header Files\Brushes">
      <UniqueIdentifier>{71367a53-060a-4791-af3c-e0d0a2734cae}</UniqueIdentifier>
    </Filter>
    <Filter Include="Source Files\Brushes">
      <UniqueIdentifier>{271317c2-a5a1-430d-acf7-169e0d0ec7c3}</UniqueIdentifier>
    </Filter>
    <Filter Include="Source Files\RTS Objects\Orders">
      <UniqueIdentifier>{f0f6255d-3470-4256-aab0-41b1cdc420de}</UniqueIdentifier>
    </Filter>
    <Filter Include="Source Files\Controllers">
      <UniqueIdentifier>{ce5c052a-9bc3-4c40-a125-629cc9d8a12b}</UniqueIdentifier>
    </Filter>
    <Filter Include="Header Files\Controllers">
      <UniqueIdentifier>{bc765d61-d84c-4b06-9c09-2722def749a3}</UniqueIdentifier>
    </Filter>
    <Filter Include="Source Files\RTS Objects\Orders\UnitOrders">
      <UniqueIdentifier>{ceb884b2-9d18-4dc1-b653-544b32f50204}</UniqueIdentifier>
    </Filter>
    <Filter Include="Header Files\RTS Objects">
      <UniqueIdentifier>{3605ec37-e356-4a85-aeda-965c13509562}</UniqueIdentifier>
    </Filter>
    <Filter Include="Header Files\RTS Objects\Orders">
      <UniqueIdentifier>{8212ee55-7da8-430e-896b-97db8b565995}</UniqueIdentifier>
    </Filter>
    <Filter Include="Header Files\RTS Objects\Orders\UnitOrders">
      <UniqueIdentifier>{ff2bd12b-a74c-4a04-8052-3f02e12a5c39}</UniqueIdentifier>
    </Filter>
    <Filter Include="Source Files\Resource Files">
      <UniqueIdentifier>{67DA6AB6-F800-4c08-8B7A-83BB121AAD01}</UniqueIdentifier>
      <Extensions>rc;ico;cur;bmp;dlg;rc2;rct;bin;rgs;gif;jpg;jpeg;jpe;resx;tiff;tif;png;wav;mfcribbon-ms</Extensions>
    </Filter>
    <Filter Include="Shaders">
      <UniqueIdentifier>{fef285b9-6f1b-43f0-b452-a35213bd19d8}</UniqueIdentifier>
    </Filter>
    <Filter Include="Header Files\RTS Objects\Orders\BuildingOrders">
      <UniqueIdentifier>{4b5089a4-a1e0-46f0-9974-3e0cab4601f8}</UniqueIdentifier>
    </Filter>
    <Filter Include="Source Files\RTS Objects\Orders\BuildingOrders">
      <UniqueIdentifier>{49040478-e5a5-4b79-aa47-f80a0e8cdcd6}</UniqueIdentifier>
    </Filter>
  </ItemGroup>
  <ItemGroup>
    <None Include="..\data\xml\RTS\Buildings.xml">
      <Filter>XML</Filter>
    </None>
    <None Include="..\data\xml\RTS\Technologies.xml">
      <Filter>XML</Filter>
    </None>
    <None Include="..\data\xml\RTS\Terrain.xml">
      <Filter>XML</Filter>
    </None>
    <None Include="..\data\xml\RTS\Units.xml">
      <Filter>XML</Filter>
    </None>
    <None Include="..\data\xml\RTS\MapTypes.xml">
      <Filter>XML</Filter>
    </None>
    <None Include="..\data\shaders\RTSEntityShader.frag.glsl">
      <Filter>Shaders</Filter>
    </None>
    <None Include="..\data\shaders\RTSEntityShader.vertex.glsl">
      <Filter>Shaders</Filter>
    </None>
    <None Include="PlayerColors.xml">
      <Filter>XML</Filter>
    </None>
    <None Include="..\data\shaders\RTSMapTileShader.vertex.glsl">
      <Filter>Shaders</Filter>
    </None>
    <None Include="..\data\shaders\RTSMapTileShader.frag.glsl">
      <Filter>Shaders</Filter>
    </None>
  </ItemGroup>
  <ItemGroup>
    <ClInclude Include="UnitBlueprint.h">
      <Filter>Header Files\Blueprints</Filter>
    </ClInclude>
    <ClInclude Include="BuildingBlueprint.h">
      <Filter>Header Files\Blueprints</Filter>
    </ClInclude>
    <ClInclude Include="TechnologyBlueprint.h">
      <Filter>Header Files\Blueprints</Filter>
    </ClInclude>
    <ClInclude Include="MapTypeBlueprint.h">
      <Filter>Header Files\Blueprints</Filter>
    </ClInclude>
    <ClInclude Include="TerrainTypeBlueprint.h">
      <Filter>Header Files\Blueprints</Filter>
    </ClInclude>
    <ClInclude Include="Brush.h">
      <Filter>Header Files\Brushes</Filter>
    </ClInclude>
    <ClInclude Include="BlobBrush.h">
      <Filter>Header Files\Brushes</Filter>
    </ClInclude>
    <ClInclude Include="AttackOrders.h">
      <Filter>Header Files\RTS Objects\Orders\UnitOrders</Filter>
    </ClInclude>
    <ClInclude Include="BuildOrders.h">
      <Filter>Header Files\RTS Objects\Orders\UnitOrders</Filter>
    </ClInclude>
    <ClInclude Include="MoveOrders.h">
      <Filter>Header Files\RTS Objects\Orders\UnitOrders</Filter>
    </ClInclude>
    <ClInclude Include="UnitOrders.h">
      <Filter>Header Files\RTS Objects\Orders\UnitOrders</Filter>
    </ClInclude>
    <ClInclude Include="HarvestOrders.h">
      <Filter>Header Files\RTS Objects\Orders\UnitOrders</Filter>
    </ClInclude>
    <ClInclude Include="Entity.h">
      <Filter>Header Files\RTS Objects</Filter>
    </ClInclude>
    <ClInclude Include="Building.h">
      <Filter>Header Files\RTS Objects</Filter>
    </ClInclude>
    <ClInclude Include="Map.h">
      <Filter>Header Files\RTS Objects</Filter>
    </ClInclude>
    <ClInclude Include="Technology.h">
      <Filter>Header Files\RTS Objects</Filter>
    </ClInclude>
    <ClInclude Include="TerrainType.h">
      <Filter>Header Files\RTS Objects</Filter>
    </ClInclude>
    <ClInclude Include="Unit.h">
      <Filter>Header Files\RTS Objects</Filter>
    </ClInclude>
    <ClInclude Include="AIController.h">
      <Filter>Header Files\Controllers</Filter>
    </ClInclude>
    <ClInclude Include="Controller.h">
      <Filter>Header Files\Controllers</Filter>
    </ClInclude>
    <ClInclude Include="HumanController.h">
      <Filter>Header Files\Controllers</Filter>
    </ClInclude>
    <ClInclude Include="Orders.h">
      <Filter>Header Files\RTS Objects\Orders</Filter>
    </ClInclude>
    <ClInclude Include="RTSCamera.h">
      <Filter>Header Files</Filter>
    </ClInclude>
    <ClInclude Include="RTSGame.h">
      <Filter>Header Files</Filter>
    </ClInclude>
    <ClInclude Include="RTSWorld.h">
      <Filter>Header Files</Filter>
    </ClInclude>
    <ClInclude Include="GotoResource.h">
      <Filter>Header Files\RTS Objects\Orders\UnitOrders</Filter>
    </ClInclude>
    <ClInclude Include="ReturnResource.h">
      <Filter>Header Files\RTS Objects\Orders\UnitOrders</Filter>
    </ClInclude>
    <ClInclude Include="CollectResource.h">
      <Filter>Header Files\RTS Objects\Orders\UnitOrders</Filter>
    </ClInclude>
    <ClInclude Include="AStarMinHeap.h">
      <Filter>Header Files</Filter>
    </ClInclude>
    <ClInclude Include="AStarPathGenerator.h">
      <Filter>Header Files</Filter>
    </ClInclude>
    <ClInclude Include="RTSDebuggingStats.h">
      <Filter>Header Files</Filter>
    </ClInclude>
    <ClInclude Include="CommandCard.h">
      <Filter>Header Files</Filter>
    </ClInclude>
    <ClInclude Include="BuildingOrders.h">
      <Filter>Header Files\RTS Objects\Orders\BuildingOrders</Filter>
    </ClInclude>
    <ClInclude Include="BuildUnitOrders.h">
      <Filter>Header Files\RTS Objects\Orders\BuildingOrders</Filter>
    </ClInclude>
    <ClInclude Include="HoldOrders.h">
      <Filter>Header Files\RTS Objects\Orders\UnitOrders</Filter>
    </ClInclude>
    <ClInclude Include="AttackMoveOrders.h">
      <Filter>Header Files\RTS Objects\Orders\UnitOrders</Filter>
    </ClInclude>
  </ItemGroup>
  <ItemGroup>
    <ClCompile Include="RTSGame.cpp">
      <Filter>Source Files</Filter>
    </ClCompile>
    <ClCompile Include="main.cpp">
      <Filter>Source Files</Filter>
    </ClCompile>
    <ClCompile Include="UnitBlueprint.cpp">
      <Filter>Source Files\Blueprints</Filter>
    </ClCompile>
    <ClCompile Include="BuildingBlueprint.cpp">
      <Filter>Source Files\Blueprints</Filter>
    </ClCompile>
    <ClCompile Include="TechnologyBlueprint.cpp">
      <Filter>Source Files\Blueprints</Filter>
    </ClCompile>
    <ClCompile Include="MapTypeBlueprint.cpp">
      <Filter>Source Files\Blueprints</Filter>
    </ClCompile>
    <ClCompile Include="Building.cpp">
      <Filter>Source Files\RTS Objects</Filter>
    </ClCompile>
    <ClCompile Include="Technology.cpp">
      <Filter>Source Files\RTS Objects</Filter>
    </ClCompile>
    <ClCompile Include="TerrainType.cpp">
      <Filter>Source Files\RTS Objects</Filter>
    </ClCompile>
    <ClCompile Include="Unit.cpp">
      <Filter>Source Files\RTS Objects</Filter>
    </ClCompile>
    <ClCompile Include="Map.cpp">
      <Filter>Source Files\RTS Objects</Filter>
    </ClCompile>
    <ClCompile Include="TerrainTypeBlueprint.cpp">
      <Filter>Source Files\Blueprints</Filter>
    </ClCompile>
    <ClCompile Include="Brush.cpp">
      <Filter>Source Files\Brushes</Filter>
    </ClCompile>
    <ClCompile Include="BlobBrush.cpp">
      <Filter>Source Files\Brushes</Filter>
    </ClCompile>
    <ClCompile Include="RTSWorld.cpp">
      <Filter>Source Files</Filter>
    </ClCompile>
    <ClCompile Include="RTSCamera.cpp">
      <Filter>Source Files</Filter>
    </ClCompile>
    <ClCompile Include="Orders.cpp">
      <Filter>Source Files\RTS Objects\Orders</Filter>
    </ClCompile>
    <ClCompile Include="MoveOrders.cpp">
      <Filter>Source Files\RTS Objects\Orders\UnitOrders</Filter>
    </ClCompile>
    <ClCompile Include="UnitOrders.cpp">
      <Filter>Source Files\RTS Objects\Orders\UnitOrders</Filter>
    </ClCompile>
    <ClCompile Include="HumanController.cpp">
      <Filter>Source Files\Controllers</Filter>
    </ClCompile>
    <ClCompile Include="Controller.cpp">
      <Filter>Source Files\Controllers</Filter>
    </ClCompile>
    <ClCompile Include="GotoResource.cpp">
      <Filter>Source Files\RTS Objects\Orders\UnitOrders</Filter>
    </ClCompile>
    <ClCompile Include="CollectResource.cpp">
      <Filter>Source Files\RTS Objects\Orders\UnitOrders</Filter>
    </ClCompile>
    <ClCompile Include="ReturnResource.cpp">
      <Filter>Source Files\RTS Objects\Orders\UnitOrders</Filter>
    </ClCompile>
    <ClCompile Include="Entity.cpp">
      <Filter>Source Files\RTS Objects</Filter>
    </ClCompile>
    <ClCompile Include="BuildOrders.cpp">
      <Filter>Source Files\RTS Objects\Orders\UnitOrders</Filter>
    </ClCompile>
    <ClCompile Include="AStarMinHeap.cpp">
      <Filter>Source Files</Filter>
    </ClCompile>
    <ClCompile Include="AStarPathGenerator.cpp">
      <Filter>Source Files</Filter>
    </ClCompile>
    <ClCompile Include="RTSDebuggingStats.cpp">
      <Filter>Source Files</Filter>
    </ClCompile>
    <ClCompile Include="BuildingOrders.cpp">
      <Filter>Source Files\RTS Objects\Orders\BuildingOrders</Filter>
    </ClCompile>
    <ClCompile Include="BuildUnitOrders.cpp">
      <Filter>Source Files\RTS Objects\Orders\BuildingOrders</Filter>
    </ClCompile>
    <ClCompile Include="AIController.cpp">
      <Filter>Source Files\Controllers</Filter>
    </ClCompile>
    <ClCompile Include="AttackOrders.cpp">
      <Filter>Source Files\RTS Objects\Orders\UnitOrders</Filter>
    </ClCompile>
    <ClCompile Include="HoldOrders.cpp">
      <Filter>Source Files\RTS Objects\Orders\UnitOrders</Filter>
    </ClCompile>
    <ClCompile Include="AttackMoveOrders.cpp">
      <Filter>Source Files\RTS Objects\Orders\UnitOrders</Filter>
    </ClCompile>
  </ItemGroup>
</Project>