<?xml version="1.0" encoding="utf-8"?>
<Project ToolsVersion="4.0" xmlns="http://schemas.microsoft.com/developer/msbuild/2003">
  <ItemGroup>
    <Filter Include="Source Files">
      <UniqueIdentifier>{4FC737F1-C7A5-4376-A066-2A32D752A2FF}</UniqueIdentifier>
      <Extensions>cpp;c;cc;cxx;def;odl;idl;hpj;bat;asm;asmx</Extensions>
    </Filter>
    <Filter Include="Header Files">
      <UniqueIdentifier>{93995380-89BD-4b04-88EB-625FBE52EBFB}</UniqueIdentifier>
      <Extensions>h;hpp;hxx;hm;inl;inc;xsd</Extensions>
    </Filter>
    <Filter Include="Resource Files">
      <UniqueIdentifier>{67DA6AB6-F800-4c08-8B7A-83BB121AAD01}</UniqueIdentifier>
      <Extensions>rc;ico;cur;bmp;dlg;rc2;rct;bin;rgs;gif;jpg;jpeg;jpe;resx;tiff;tif;png;wav;mfcribbon-ms</Extensions>
    </Filter>
    <Filter Include="INL Files">
      <UniqueIdentifier>{b3874fe5-105b-4ab1-948a-4ab2fb343462}</UniqueIdentifier>
    </Filter>
    <Filter Include="Geometry">
      <UniqueIdentifier>{8268ea12-0e36-4172-81b0-194304e8d9d0}</UniqueIdentifier>
    </Filter>
  </ItemGroup>
  <ItemGroup>
    <ClInclude Include="Vector2.h">
      <Filter>Header Files</Filter>
    </ClInclude>
    <ClInclude Include="Vector3.h">
      <Filter>Header Files</Filter>
    </ClInclude>
    <ClInclude Include="Matrix4.h">
      <Filter>Header Files</Filter>
    </ClInclude>
    <ClInclude Include="Quaternion.h">
      <Filter>Header Files</Filter>
    </ClInclude>
    <ClInclude Include="StateSpaceNumericalMethods.h">
      <Filter>Header Files</Filter>
    </ClInclude>
    <ClInclude Include="VectorUtils.h">
      <Filter>Header Files</Filter>
    </ClInclude>
    <ClInclude Include="Matrix2.h">
      <Filter>Header Files</Filter>
    </ClInclude>
    <ClInclude Include="MatrixStack.h">
      <Filter>Header Files</Filter>
    </ClInclude>
    <ClInclude Include="Matrix3.h">
      <Filter>Header Files</Filter>
    </ClInclude>
    <ClInclude Include="Plane.h">
      <Filter>Geometry</Filter>
    </ClInclude>
    <ClInclude Include="Line.h">
      <Filter>Geometry</Filter>
    </ClInclude>
    <ClInclude Include="LineSegment.h">
      <Filter>Geometry</Filter>
    </ClInclude>
    <ClInclude Include="Ray.h">
      <Filter>Geometry</Filter>
    </ClInclude>
    <ClInclude Include="MathFuncs.h">
      <Filter>Header Files</Filter>
    </ClInclude>
    <ClInclude Include="Vector4.h">
      <Filter>Header Files</Filter>
    </ClInclude>
    <ClInclude Include="AABB2.h">
      <Filter>Geometry</Filter>
    </ClInclude>
    <ClInclude Include="RandItemPool.h">
      <Filter>Header Files</Filter>
    </ClInclude>
    <ClInclude Include="WeightedRandPool.h">
      <Filter>Header Files</Filter>
    </ClInclude>
    <ClInclude Include="RandNumGen.h">
      <Filter>Header Files</Filter>
    </ClInclude>
    <ClInclude Include="RandRangeFloat.h">
      <Filter>Header Files</Filter>
    </ClInclude>
    <ClInclude Include="RandRangeInt.h">
      <Filter>Header Files</Filter>
    </ClInclude>
  </ItemGroup>
  <ItemGroup>
    <None Include="Vector3.inl">
      <Filter>INL Files</Filter>
    </None>
    <None Include="Vector2.inl">
      <Filter>INL Files</Filter>
    </None>
    <None Include="Matrix4.inl">
      <Filter>INL Files</Filter>
    </None>
    <None Include="Quaternion.inl">
      <Filter>INL Files</Filter>
    </None>
    <None Include="VectorUtils.inl">
      <Filter>INL Files</Filter>
    </None>
    <None Include="StateSpaceNumericalMethods.inl">
      <Filter>INL Files</Filter>
    </None>
    <None Include="MatrixStack.inl">
      <Filter>INL Files</Filter>
    </None>
    <None Include="Vector4.inl">
      <Filter>INL Files</Filter>
    </None>
  </ItemGroup>
  <ItemGroup>
    <ClCompile Include="RandNumGen.cpp">
      <Filter>Source Files</Filter>
    </ClCompile>
    <ClCompile Include="RandRangeFloat.cpp">
      <Filter>Source Files</Filter>
    </ClCompile>
    <ClCompile Include="RandRangeInt.cpp">
      <Filter>Source Files</Filter>
    </ClCompile>
  </ItemGroup>
</Project>