<?xml version="1.0" encoding="utf-8"?>
<Project ToolsVersion="4.0" xmlns="http://schemas.microsoft.com/developer/msbuild/2003">
  <ItemGroup>
    <Filter Include="Engine">
      <UniqueIdentifier>{f1b2eafc-73a7-4525-a6ef-c830c2e895ad}</UniqueIdentifier>
    </Filter>
    <Filter Include="Game">
      <UniqueIdentifier>{812d4667-d6d8-4d9c-ba39-17d6e0f5c85c}</UniqueIdentifier>
    </Filter>
    <Filter Include="Docs">
      <UniqueIdentifier>{ea367739-2118-467a-9709-2687716cf11a}</UniqueIdentifier>
    </Filter>
  </ItemGroup>
  <ItemGroup>
    <ClCompile Include="Engine\AABB2.cpp">
      <Filter>Engine</Filter>
    </ClCompile>
    <ClCompile Include="Engine\Graphics.cpp">
      <Filter>Engine</Filter>
    </ClCompile>
    <ClCompile Include="Engine\IntVector2.cpp">
      <Filter>Engine</Filter>
    </ClCompile>
    <ClCompile Include="Engine\Main_Win32.cpp">
      <Filter>Engine</Filter>
    </ClCompile>
    <ClCompile Include="Engine\NamedProperties.cpp">
      <Filter>Engine</Filter>
    </ClCompile>
    <ClCompile Include="Engine\ParsingSupport.cpp">
      <Filter>Engine</Filter>
    </ClCompile>
    <ClCompile Include="Engine\ResourceStream.cpp">
      <Filter>Engine</Filter>
    </ClCompile>
    <ClCompile Include="Engine\Rgba.cpp">
      <Filter>Engine</Filter>
    </ClCompile>
    <ClCompile Include="Engine\TypeUtilities.cpp">
      <Filter>Engine</Filter>
    </ClCompile>
    <ClCompile Include="Engine\Utilities.cpp">
      <Filter>Engine</Filter>
    </ClCompile>
    <ClCompile Include="Engine\Vector2.cpp">
      <Filter>Engine</Filter>
    </ClCompile>
    <ClCompile Include="Engine\xmlParser.cpp">
      <Filter>Engine</Filter>
    </ClCompile>
    <ClCompile Include="Game\TheGame.cpp">
      <Filter>Game</Filter>
    </ClCompile>
    <ClCompile Include="Game\PluginManager.cpp">
      <Filter>Game</Filter>
    </ClCompile>
    <ClCompile Include="Game\ArenaManager.cpp">
      <Filter>Game</Filter>
    </ClCompile>
    <ClCompile Include="Engine\Clock.cpp">
      <Filter>Engine</Filter>
    </ClCompile>
  </ItemGroup>
  <ItemGroup>
    <ClInclude Include="Engine\AABB2.hpp">
      <Filter>Engine</Filter>
    </ClInclude>
    <ClInclude Include="Engine\Common.hpp">
      <Filter>Engine</Filter>
    </ClInclude>
    <ClInclude Include="Engine\Graphics.hpp">
      <Filter>Engine</Filter>
    </ClInclude>
    <ClInclude Include="Engine\HashedCaseInsensitiveString.hpp">
      <Filter>Engine</Filter>
    </ClInclude>
    <ClInclude Include="Engine\IntVector2.hpp">
      <Filter>Engine</Filter>
    </ClInclude>
    <ClInclude Include="Engine\Main_Win32.hpp">
      <Filter>Engine</Filter>
    </ClInclude>
    <ClInclude Include="Engine\MathBase.hpp">
      <Filter>Engine</Filter>
    </ClInclude>
    <ClInclude Include="Engine\NamedProperties.hpp">
      <Filter>Engine</Filter>
    </ClInclude>
    <ClInclude Include="Engine\ParsingSupport.hpp">
      <Filter>Engine</Filter>
    </ClInclude>
    <ClInclude Include="Engine\ProfilingSection.hpp">
      <Filter>Engine</Filter>
    </ClInclude>
    <ClInclude Include="Engine\ResourceStream.hpp">
      <Filter>Engine</Filter>
    </ClInclude>
    <ClInclude Include="Engine\Rgba.hpp">
      <Filter>Engine</Filter>
    </ClInclude>
    <ClInclude Include="Engine\Shared.hpp">
      <Filter>Engine</Filter>
    </ClInclude>
    <ClInclude Include="Engine\TypeUtilities.hpp">
      <Filter>Engine</Filter>
    </ClInclude>
    <ClInclude Include="Engine\Utilities.hpp">
      <Filter>Engine</Filter>
    </ClInclude>
    <ClInclude Include="Engine\Vector2.hpp">
      <Filter>Engine</Filter>
    </ClInclude>
    <ClInclude Include="Engine\xmlParser.h">
      <Filter>Engine</Filter>
    </ClInclude>
    <ClInclude Include="Game\TheGame.hpp">
      <Filter>Game</Filter>
    </ClInclude>
    <ClInclude Include="Game\PluginManager.hpp">
      <Filter>Game</Filter>
    </ClInclude>
    <ClInclude Include="Game\ArenaManager.hpp">
      <Filter>Game</Filter>
    </ClInclude>
    <ClInclude Include="Game\GameShared.hpp">
      <Filter>Game</Filter>
    </ClInclude>
    <ClInclude Include="Engine\Clock.hpp">
      <Filter>Engine</Filter>
    </ClInclude>
    <ClInclude Include="..\include\CommonInterface.hpp">
      <Filter>Game</Filter>
    </ClInclude>
  </ItemGroup>
  <ItemGroup>
    <None Include="..\Data\ArenaDefinitions.xml">
      <Filter>Game</Filter>
    </None>
    <None Include="ArenaToDo.txt">
      <Filter>Docs</Filter>
    </None>
  </ItemGroup>
</Project>