
Microsoft Visual Studio Solution File, Format Version 11.00
# Visual Studio 2010
Project("{8BC9CEB8-8B4A-11D0-8D11-00A0C91BC942}") = "ParticleSystem", "ParticleSystem.vcxproj", "{C9463152-6559-4B1B-9CE4-C87C6F3F2126}"
EndProject
Project("{8BC9CEB8-8B4A-11D0-8D11-00A0C91BC942}") = "CoreEngine", "..\Engine\CoreEngine\CoreEngine.vcxproj", "{EED63CB5-A340-4E9D-8590-48890475B07D}"
EndProject
Project("{8BC9CEB8-8B4A-11D0-8D11-00A0C91BC942}") = "MathLib", "..\Engine\MathLib\MathLib.vcxproj", "{237469B5-F66F-43DF-8352-80EF22528960}"
EndProject
Global
	GlobalSection(SolutionConfigurationPlatforms) = preSolution
		Debug|Win32 = Debug|Win32
		Release|Win32 = Release|Win32
	EndGlobalSection
	GlobalSection(ProjectConfigurationPlatforms) = postSolution
		{C9463152-6559-4B1B-9CE4-C87C6F3F2126}.Debug|Win32.ActiveCfg = Debug|Win32
		{C9463152-6559-4B1B-9CE4-C87C6F3F2126}.Debug|Win32.Build.0 = Debug|Win32
		{C9463152-6559-4B1B-9CE4-C87C6F3F2126}.Release|Win32.ActiveCfg = Release|Win32
		{C9463152-6559-4B1B-9CE4-C87C6F3F2126}.Release|Win32.Build.0 = Release|Win32
		{EED63CB5-A340-4E9D-8590-48890475B07D}.Debug|Win32.ActiveCfg = Debug|Win32
		{EED63CB5-A340-4E9D-8590-48890475B07D}.Debug|Win32.Build.0 = Debug|Win32
		{EED63CB5-A340-4E9D-8590-48890475B07D}.Release|Win32.ActiveCfg = Release|Win32
		{EED63CB5-A340-4E9D-8590-48890475B07D}.Release|Win32.Build.0 = Release|Win32
		{237469B5-F66F-43DF-8352-80EF22528960}.Debug|Win32.ActiveCfg = Debug|Win32
		{237469B5-F66F-43DF-8352-80EF22528960}.Debug|Win32.Build.0 = Debug|Win32
		{237469B5-F66F-43DF-8352-80EF22528960}.Release|Win32.ActiveCfg = Release|Win32
		{237469B5-F66F-43DF-8352-80EF22528960}.Release|Win32.Build.0 = Release|Win32
	EndGlobalSection
	GlobalSection(SolutionProperties) = preSolution
		HideSolutionNode = FALSE
	EndGlobalSection
EndGlobal
